
Microsoft Visual Studio Solution File, Format Version 12.00
# Visual Studio 15
Project("{FAE04EC0-301F-11D3-BF4B-00C04F79EFBC}") = "InClass2_Exercise_API", "InClass2_Exercise_API\InClass2_Exercise_API.csproj", "{8FA6F1AB-1BC0-450E-A746-61F57CABDA7D}"
EndProject
Global
	GlobalSection(SolutionConfigurationPlatforms) = preSolution
		Debug|Any CPU = Debug|Any CPU
		Release|Any CPU = Release|Any CPU
	EndGlobalSection
	GlobalSection(ProjectConfigurationPlatforms) = postSolution
		{8FA6F1AB-1BC0-450E-A746-61F57CABDA7D}.Debug|Any CPU.ActiveCfg = Debug|Any CPU
		{8FA6F1AB-1BC0-450E-A746-61F57CABDA7D}.Debug|Any CPU.Build.0 = Debug|Any CPU
		{8FA6F1AB-1BC0-450E-A746-61F57CABDA7D}.Release|Any CPU.ActiveCfg = Release|Any CPU
		{8FA6F1AB-1BC0-450E-A746-61F57CABDA7D}.Release|Any CPU.Build.0 = Release|Any CPU
	EndGlobalSection
EndGlobal
